
Microsoft Visual Studio Solution File, Format Version 12.00
# Visual Studio Version 17
VisualStudioVersion = 17.5.33516.290
MinimumVisualStudioVersion = 10.0.40219.1
Project("{8BC9CEB8-8B4A-11D0-8D11-00A0C91BC942}") = "CSC340Project", "CSC340Project\CSC340Project.vcxproj", "{AAA68AB0-B8E4-4490-A49D-75DC6DEF821A}"
EndProject
Global
	GlobalSection(SolutionConfigurationPlatforms) = preSolution
		Debug|x64 = Debug|x64
		Debug|x86 = Debug|x86
		Release|x64 = Release|x64
		Release|x86 = Release|x86
	EndGlobalSection
	GlobalSection(ProjectConfigurationPlatforms) = postSolution
		{AAA68AB0-B8E4-4490-A49D-75DC6DEF821A}.Debug|x64.ActiveCfg = Debug|x64
		{AAA68AB0-B8E4-4490-A49D-75DC6DEF821A}.Debug|x64.Build.0 = Debug|x64
		{AAA68AB0-B8E4-4490-A49D-75DC6DEF821A}.Debug|x86.ActiveCfg = Debug|Win32
		{AAA68AB0-B8E4-4490-A49D-75DC6DEF821A}.Debug|x86.Build.0 = Debug|Win32
		{AAA68AB0-B8E4-4490-A49D-75DC6DEF821A}.Release|x64.ActiveCfg = Release|x64
		{AAA68AB0-B8E4-4490-A49D-75DC6DEF821A}.Release|x64.Build.0 = Release|x64
		{AAA68AB0-B8E4-4490-A49D-75DC6DEF821A}.Release|x86.ActiveCfg = Release|Win32
		{AAA68AB0-B8E4-4490-A49D-75DC6DEF821A}.Release|x86.Build.0 = Release|Win32
	EndGlobalSection
	GlobalSection(SolutionProperties) = preSolution
		HideSolutionNode = FALSE
	EndGlobalSection
	GlobalSection(ExtensibilityGlobals) = postSolution
		SolutionGuid = {243D8E42-269E-4033-9C94-997CE1E191B0}
	EndGlobalSection
EndGlobal
